absl-py==2.1.0
altgraph==0.17.4
immutabledict==4.2.0
numpy==1.26.4
ortools==9.9.3963
packaging==24.0
pandas==2.2.1
pefile==2023.2.7
protobuf==5.26.0
pyasn1==0.6.0
pyinstaller==6.6.0
pyinstaller-hooks-contrib==2024.4
PySimpleGUI==5.0.4
python-dateutil==2.9.0.post0
pytz==2024.1
pywin32-ctypes==0.2.2
rsa==4.9
six==1.16.0
tzdata==2024.1
